{
  "name": "credit-card-2lvl",
  "version": "1.0.0",
  "lockfileVersion": 2,
  "requires": true,
  "packages": {
    "": {
      "name": "credit-card-2lvl",
      "version": "1.0.0",
      "license": "ISC",
      "dependencies": {
        "imask": "^6.4.2",
        "redom": "^3.27.1"
      }
    },
    "node_modules/imask": {
      "version": "6.4.2",
      "resolved": "https://registry.npmjs.org/imask/-/imask-6.4.2.tgz",
      "integrity": "sha512-xvEgbTdk6y2dW2UAysq0NRPmO6PuaXM5NHIt4TXEJEwXUHj26M0p/fXqyrSJdNXFaGVOtqYjPRnNdrjQQhDuuA==",
      "engines": {
        "npm": ">=4.0.0"
      }
    },
    "node_modules/redom": {
      "version": "3.27.1",
      "resolved": "https://registry.npmjs.org/redom/-/redom-3.27.1.tgz",
      "integrity": "sha512-hq3/nnY3GyanNvEx5xLopg+HMIZHEQrFuNiUwTQqsOv53tVPYX6Rei8o5hCALGZtUlMWYRiJ/gd4pZCvgGyGig==",
      "funding": {
        "type": "opencollective",
        "url": "https://opencollective.com/redom"
      }
    }
  },
  "dependencies": {
    "imask": {
      "version": "6.4.2",
      "resolved": "https://registry.npmjs.org/imask/-/imask-6.4.2.tgz",
      "integrity": "sha512-xvEgbTdk6y2dW2UAysq0NRPmO6PuaXM5NHIt4TXEJEwXUHj26M0p/fXqyrSJdNXFaGVOtqYjPRnNdrjQQhDuuA=="
    },
    "redom": {
      "version": "3.27.1",
      "resolved": "https://registry.npmjs.org/redom/-/redom-3.27.1.tgz",
      "integrity": "sha512-hq3/nnY3GyanNvEx5xLopg+HMIZHEQrFuNiUwTQqsOv53tVPYX6Rei8o5hCALGZtUlMWYRiJ/gd4pZCvgGyGig=="
    }
  }
}
